
Microsoft Visual Studio Solution File, Format Version 12.00
# Visual Studio Version 16
VisualStudioVersion = 16.0.28705.295
MinimumVisualStudioVersion = 10.0.40219.1
Project("{8BC9CEB8-8B4A-11D0-8D11-00A0C91BC942}") = "01 - Scope", "Scope\Scope.vcxproj", "{430A66A5-3219-4CEF-BDE7-B3AB46F4AF76}"
EndProject
Project("{8BC9CEB8-8B4A-11D0-8D11-00A0C91BC942}") = "02 - Functions", "Functions\Functions.vcxproj", "{11F38860-E3EF-4964-854D-1777E9FBED9D}"
EndProject
Project("{8BC9CEB8-8B4A-11D0-8D11-00A0C91BC942}") = "00 - Preprocessor", "Preprocessor\Preprocessor.vcxproj", "{A0DEB456-516D-4A5F-8BB1-9DC894DDFC94}"
EndProject
Project("{8BC9CEB8-8B4A-11D0-8D11-00A0C91BC942}") = "04 - Types", "Types\Types.vcxproj", "{7B03F694-DCED-48E3-8C1B-DF18EFF4CE13}"
EndProject
Project("{8BC9CEB8-8B4A-11D0-8D11-00A0C91BC942}") = "03 - WhyTypes", "WhyTypes\WhyTypes.vcxproj", "{85635EA6-9CFA-4E7B-8667-8E3B5D5E7760}"
EndProject
Project("{8BC9CEB8-8B4A-11D0-8D11-00A0C91BC942}") = "06 - Classes", "Classes\Classes.vcxproj", "{179EDC38-7B59-4A3A-9C55-A03F78077292}"
EndProject
Project("{8BC9CEB8-8B4A-11D0-8D11-00A0C91BC942}") = "05 - Initialization", "Initialization\Initialization.vcxproj", "{6A207E8F-BCAD-4574-B40F-F2D83F0EE777}"
EndProject
Global
	GlobalSection(SolutionConfigurationPlatforms) = preSolution
		Debug|x64 = Debug|x64
		Debug|x86 = Debug|x86
		Preprocess|x64 = Preprocess|x64
		Preprocess|x86 = Preprocess|x86
		Release|x64 = Release|x64
		Release|x86 = Release|x86
	EndGlobalSection
	GlobalSection(ProjectConfigurationPlatforms) = postSolution
		{430A66A5-3219-4CEF-BDE7-B3AB46F4AF76}.Debug|x64.ActiveCfg = Debug|x64
		{430A66A5-3219-4CEF-BDE7-B3AB46F4AF76}.Debug|x64.Build.0 = Debug|x64
		{430A66A5-3219-4CEF-BDE7-B3AB46F4AF76}.Debug|x86.ActiveCfg = Debug|Win32
		{430A66A5-3219-4CEF-BDE7-B3AB46F4AF76}.Debug|x86.Build.0 = Debug|Win32
		{430A66A5-3219-4CEF-BDE7-B3AB46F4AF76}.Preprocess|x64.ActiveCfg = Release|x64
		{430A66A5-3219-4CEF-BDE7-B3AB46F4AF76}.Preprocess|x64.Build.0 = Release|x64
		{430A66A5-3219-4CEF-BDE7-B3AB46F4AF76}.Preprocess|x86.ActiveCfg = Release|Win32
		{430A66A5-3219-4CEF-BDE7-B3AB46F4AF76}.Preprocess|x86.Build.0 = Release|Win32
		{430A66A5-3219-4CEF-BDE7-B3AB46F4AF76}.Release|x64.ActiveCfg = Release|x64
		{430A66A5-3219-4CEF-BDE7-B3AB46F4AF76}.Release|x64.Build.0 = Release|x64
		{430A66A5-3219-4CEF-BDE7-B3AB46F4AF76}.Release|x86.ActiveCfg = Release|Win32
		{430A66A5-3219-4CEF-BDE7-B3AB46F4AF76}.Release|x86.Build.0 = Release|Win32
		{11F38860-E3EF-4964-854D-1777E9FBED9D}.Debug|x64.ActiveCfg = Debug|x64
		{11F38860-E3EF-4964-854D-1777E9FBED9D}.Debug|x64.Build.0 = Debug|x64
		{11F38860-E3EF-4964-854D-1777E9FBED9D}.Debug|x86.ActiveCfg = Debug|Win32
		{11F38860-E3EF-4964-854D-1777E9FBED9D}.Debug|x86.Build.0 = Debug|Win32
		{11F38860-E3EF-4964-854D-1777E9FBED9D}.Preprocess|x64.ActiveCfg = Release|x64
		{11F38860-E3EF-4964-854D-1777E9FBED9D}.Preprocess|x64.Build.0 = Release|x64
		{11F38860-E3EF-4964-854D-1777E9FBED9D}.Preprocess|x86.ActiveCfg = Release|Win32
		{11F38860-E3EF-4964-854D-1777E9FBED9D}.Preprocess|x86.Build.0 = Release|Win32
		{11F38860-E3EF-4964-854D-1777E9FBED9D}.Release|x64.ActiveCfg = Release|x64
		{11F38860-E3EF-4964-854D-1777E9FBED9D}.Release|x64.Build.0 = Release|x64
		{11F38860-E3EF-4964-854D-1777E9FBED9D}.Release|x86.ActiveCfg = Release|Win32
		{11F38860-E3EF-4964-854D-1777E9FBED9D}.Release|x86.Build.0 = Release|Win32
		{A0DEB456-516D-4A5F-8BB1-9DC894DDFC94}.Debug|x64.ActiveCfg = Debug|x64
		{A0DEB456-516D-4A5F-8BB1-9DC894DDFC94}.Debug|x64.Build.0 = Debug|x64
		{A0DEB456-516D-4A5F-8BB1-9DC894DDFC94}.Debug|x86.ActiveCfg = Debug|Win32
		{A0DEB456-516D-4A5F-8BB1-9DC894DDFC94}.Debug|x86.Build.0 = Debug|Win32
		{A0DEB456-516D-4A5F-8BB1-9DC894DDFC94}.Preprocess|x64.ActiveCfg = Preprocess|x64
		{A0DEB456-516D-4A5F-8BB1-9DC894DDFC94}.Preprocess|x64.Build.0 = Preprocess|x64
		{A0DEB456-516D-4A5F-8BB1-9DC894DDFC94}.Preprocess|x86.ActiveCfg = Preprocess|Win32
		{A0DEB456-516D-4A5F-8BB1-9DC894DDFC94}.Preprocess|x86.Build.0 = Preprocess|Win32
		{A0DEB456-516D-4A5F-8BB1-9DC894DDFC94}.Release|x64.ActiveCfg = Release|x64
		{A0DEB456-516D-4A5F-8BB1-9DC894DDFC94}.Release|x64.Build.0 = Release|x64
		{A0DEB456-516D-4A5F-8BB1-9DC894DDFC94}.Release|x86.ActiveCfg = Release|Win32
		{A0DEB456-516D-4A5F-8BB1-9DC894DDFC94}.Release|x86.Build.0 = Release|Win32
		{7B03F694-DCED-48E3-8C1B-DF18EFF4CE13}.Debug|x64.ActiveCfg = Debug|x64
		{7B03F694-DCED-48E3-8C1B-DF18EFF4CE13}.Debug|x64.Build.0 = Debug|x64
		{7B03F694-DCED-48E3-8C1B-DF18EFF4CE13}.Debug|x86.ActiveCfg = Debug|Win32
		{7B03F694-DCED-48E3-8C1B-DF18EFF4CE13}.Debug|x86.Build.0 = Debug|Win32
		{7B03F694-DCED-48E3-8C1B-DF18EFF4CE13}.Preprocess|x64.ActiveCfg = Release|x64
		{7B03F694-DCED-48E3-8C1B-DF18EFF4CE13}.Preprocess|x64.Build.0 = Release|x64
		{7B03F694-DCED-48E3-8C1B-DF18EFF4CE13}.Preprocess|x86.ActiveCfg = Release|Win32
		{7B03F694-DCED-48E3-8C1B-DF18EFF4CE13}.Preprocess|x86.Build.0 = Release|Win32
		{7B03F694-DCED-48E3-8C1B-DF18EFF4CE13}.Release|x64.ActiveCfg = Release|x64
		{7B03F694-DCED-48E3-8C1B-DF18EFF4CE13}.Release|x64.Build.0 = Release|x64
		{7B03F694-DCED-48E3-8C1B-DF18EFF4CE13}.Release|x86.ActiveCfg = Release|Win32
		{7B03F694-DCED-48E3-8C1B-DF18EFF4CE13}.Release|x86.Build.0 = Release|Win32
		{85635EA6-9CFA-4E7B-8667-8E3B5D5E7760}.Debug|x64.ActiveCfg = Debug|x64
		{85635EA6-9CFA-4E7B-8667-8E3B5D5E7760}.Debug|x64.Build.0 = Debug|x64
		{85635EA6-9CFA-4E7B-8667-8E3B5D5E7760}.Debug|x86.ActiveCfg = Debug|Win32
		{85635EA6-9CFA-4E7B-8667-8E3B5D5E7760}.Debug|x86.Build.0 = Debug|Win32
		{85635EA6-9CFA-4E7B-8667-8E3B5D5E7760}.Preprocess|x64.ActiveCfg = Release|x64
		{85635EA6-9CFA-4E7B-8667-8E3B5D5E7760}.Preprocess|x64.Build.0 = Release|x64
		{85635EA6-9CFA-4E7B-8667-8E3B5D5E7760}.Preprocess|x86.ActiveCfg = Release|Win32
		{85635EA6-9CFA-4E7B-8667-8E3B5D5E7760}.Preprocess|x86.Build.0 = Release|Win32
		{85635EA6-9CFA-4E7B-8667-8E3B5D5E7760}.Release|x64.ActiveCfg = Release|x64
		{85635EA6-9CFA-4E7B-8667-8E3B5D5E7760}.Release|x64.Build.0 = Release|x64
		{85635EA6-9CFA-4E7B-8667-8E3B5D5E7760}.Release|x86.ActiveCfg = Release|Win32
		{85635EA6-9CFA-4E7B-8667-8E3B5D5E7760}.Release|x86.Build.0 = Release|Win32
		{179EDC38-7B59-4A3A-9C55-A03F78077292}.Debug|x64.ActiveCfg = Debug|x64
		{179EDC38-7B59-4A3A-9C55-A03F78077292}.Debug|x64.Build.0 = Debug|x64
		{179EDC38-7B59-4A3A-9C55-A03F78077292}.Debug|x86.ActiveCfg = Debug|Win32
		{179EDC38-7B59-4A3A-9C55-A03F78077292}.Debug|x86.Build.0 = Debug|Win32
		{179EDC38-7B59-4A3A-9C55-A03F78077292}.Preprocess|x64.ActiveCfg = Release|x64
		{179EDC38-7B59-4A3A-9C55-A03F78077292}.Preprocess|x64.Build.0 = Release|x64
		{179EDC38-7B59-4A3A-9C55-A03F78077292}.Preprocess|x86.ActiveCfg = Release|Win32
		{179EDC38-7B59-4A3A-9C55-A03F78077292}.Preprocess|x86.Build.0 = Release|Win32
		{179EDC38-7B59-4A3A-9C55-A03F78077292}.Release|x64.ActiveCfg = Release|x64
		{179EDC38-7B59-4A3A-9C55-A03F78077292}.Release|x64.Build.0 = Release|x64
		{179EDC38-7B59-4A3A-9C55-A03F78077292}.Release|x86.ActiveCfg = Release|Win32
		{179EDC38-7B59-4A3A-9C55-A03F78077292}.Release|x86.Build.0 = Release|Win32
		{6A207E8F-BCAD-4574-B40F-F2D83F0EE777}.Debug|x64.ActiveCfg = Debug|x64
		{6A207E8F-BCAD-4574-B40F-F2D83F0EE777}.Debug|x64.Build.0 = Debug|x64
		{6A207E8F-BCAD-4574-B40F-F2D83F0EE777}.Debug|x86.ActiveCfg = Debug|Win32
		{6A207E8F-BCAD-4574-B40F-F2D83F0EE777}.Debug|x86.Build.0 = Debug|Win32
		{6A207E8F-BCAD-4574-B40F-F2D83F0EE777}.Preprocess|x64.ActiveCfg = Release|x64
		{6A207E8F-BCAD-4574-B40F-F2D83F0EE777}.Preprocess|x64.Build.0 = Release|x64
		{6A207E8F-BCAD-4574-B40F-F2D83F0EE777}.Preprocess|x86.ActiveCfg = Release|Win32
		{6A207E8F-BCAD-4574-B40F-F2D83F0EE777}.Preprocess|x86.Build.0 = Release|Win32
		{6A207E8F-BCAD-4574-B40F-F2D83F0EE777}.Release|x64.ActiveCfg = Release|x64
		{6A207E8F-BCAD-4574-B40F-F2D83F0EE777}.Release|x64.Build.0 = Release|x64
		{6A207E8F-BCAD-4574-B40F-F2D83F0EE777}.Release|x86.ActiveCfg = Release|Win32
		{6A207E8F-BCAD-4574-B40F-F2D83F0EE777}.Release|x86.Build.0 = Release|Win32
	EndGlobalSection
	GlobalSection(SolutionProperties) = preSolution
		HideSolutionNode = FALSE
	EndGlobalSection
	GlobalSection(ExtensibilityGlobals) = postSolution
		SolutionGuid = {AB800EE7-F86B-4DCB-8471-F1D1B92F5A44}
	EndGlobalSection
EndGlobal
